lockfileVersion: '6.0'

settings:
  autoInstallPeers: true
  excludeLinksFromLockfile: false

dependencies:
  es-module-lexer:
    specifier: ^1.5.0
    version: 1.5.0

devDependencies:
  rollup:
    specifier: ^4.16.2
    version: 4.16.2

packages:

  /@rollup/rollup-android-arm-eabi@4.16.2:
    resolution: {integrity: sha512-VGodkwtEuZ+ENPz/CpDSl091koMv8ao5jHVMbG1vNK+sbx/48/wVzP84M5xSfDAC69mAKKoEkSo+ym9bXYRK9w==}
    cpu: [arm]
    os: [android]
    requiresBuild: true
    dev: true
    optional: true

  /@rollup/rollup-android-arm64@4.16.2:
    resolution: {integrity: sha512-5/W1xyIdc7jw6c/f1KEtg1vYDBWnWCsLiipK41NiaWGLG93eH2edgE6EgQJ3AGiPERhiOLUqlDSfjRK08C9xFg==}
    cpu: [arm64]
    os: [android]
    requiresBuild: true
    dev: true
    optional: true

  /@rollup/rollup-darwin-arm64@4.16.2:
    resolution: {integrity: sha512-vOAKMqZSTbPfyPVu1jBiy+YniIQd3MG7LUnqV0dA6Q5tyhdqYtxacTHP1+S/ksKl6qCtMG1qQ0grcIgk/19JEA==}
    cpu: [arm64]
    os: [darwin]
    requiresBuild: true
    dev: true
    optional: true

  /@rollup/rollup-darwin-x64@4.16.2:
    resolution: {integrity: sha512-aIJVRUS3Dnj6MqocBMrcXlatKm64O3ITeQAdAxVSE9swyhNyV1dwnRgw7IGKIkDQofatd8UqMSyUxuFEa42EcA==}
    cpu: [x64]
    os: [darwin]
    requiresBuild: true
    dev: true
    optional: true

  /@rollup/rollup-linux-arm-gnueabihf@4.16.2:
    resolution: {integrity: sha512-/bjfUiXwy3P5vYr6/ezv//Yle2Y0ak3a+Av/BKoi76nFryjWCkki8AuVoPR7ZU/ckcvAWFo77OnFK14B9B5JsA==}
    cpu: [arm]
    os: [linux]
    requiresBuild: true
    dev: true
    optional: true

  /@rollup/rollup-linux-arm-musleabihf@4.16.2:
    resolution: {integrity: sha512-S24b+tJHwpq2TNRz9T+r71FjMvyBBApY8EkYxz8Cwi/rhH6h+lu/iDUxyc9PuHf9UvyeBFYkWWcrDahai/NCGw==}
    cpu: [arm]
    os: [linux]
    requiresBuild: true
    dev: true
    optional: true

  /@rollup/rollup-linux-arm64-gnu@4.16.2:
    resolution: {integrity: sha512-UN7VAXLyeyGbCQWiOtQN7BqmjTDw1ON2Oos4lfk0YR7yNhFEJWZiwGtvj9Ay4lsT/ueT04sh80Sg2MlWVVZ+Ug==}
    cpu: [arm64]
    os: [linux]
    requiresBuild: true
    dev: true
    optional: true

  /@rollup/rollup-linux-arm64-musl@4.16.2:
    resolution: {integrity: sha512-ZBKvz3+rIhQjusKMccuJiPsStCrPOtejCHxTe+yWp3tNnuPWtyCh9QLGPKz6bFNFbwbw28E2T6zDgzJZ05F1JQ==}
    cpu: [arm64]
    os: [linux]
    requiresBuild: true
    dev: true
    optional: true

  /@rollup/rollup-linux-powerpc64le-gnu@4.16.2:
    resolution: {integrity: sha512-LjMMFiVBRL3wOe095vHAekL4b7nQqf4KZEpdMWd3/W+nIy5o9q/8tlVKiqMbfieDypNXLsxM9fexOxd9Qcklyg==}
    cpu: [ppc64]
    os: [linux]
    requiresBuild: true
    dev: true
    optional: true

  /@rollup/rollup-linux-riscv64-gnu@4.16.2:
    resolution: {integrity: sha512-ohkPt0lKoCU0s4B6twro2aft+QROPdUiWwOjPNTzwTsBK5w+2+iT9kySdtOdq0gzWJAdiqsV4NFtXOwGZmIsHA==}
    cpu: [riscv64]
    os: [linux]
    requiresBuild: true
    dev: true
    optional: true

  /@rollup/rollup-linux-s390x-gnu@4.16.2:
    resolution: {integrity: sha512-jm2lvLc+/gqXfndlpDw05jKvsl/HKYxUEAt1h5UXcMFVpO4vGpoWmJVUfKDtTqSaHcCNw1his1XjkgR9aort3w==}
    cpu: [s390x]
    os: [linux]
    requiresBuild: true
    dev: true
    optional: true

  /@rollup/rollup-linux-x64-gnu@4.16.2:
    resolution: {integrity: sha512-oc5/SlITI/Vj/qL4UM+lXN7MERpiy1HEOnrE+SegXwzf7WP9bzmZd6+MDljCEZTdSY84CpvUv9Rq7bCaftn1+g==}
    cpu: [x64]
    os: [linux]
    requiresBuild: true
    dev: true
    optional: true

  /@rollup/rollup-linux-x64-musl@4.16.2:
    resolution: {integrity: sha512-/2VWEBG6mKbS2itm7hzPwhIPaxfZh/KLWrYg20pCRLHhNFtF+epLgcBtwy3m07bl/k86Q3PFRAf2cX+VbZbwzQ==}
    cpu: [x64]
    os: [linux]
    requiresBuild: true
    dev: true
    optional: true

  /@rollup/rollup-win32-arm64-msvc@4.16.2:
    resolution: {integrity: sha512-Wg7ANh7+hSilF0lG3e/0Oy8GtfTIfEk1327Bw8juZOMOoKmJLs3R+a4JDa/4cHJp2Gs7QfCDTepXXcyFD0ubBg==}
    cpu: [arm64]
    os: [win32]
    requiresBuild: true
    dev: true
    optional: true

  /@rollup/rollup-win32-ia32-msvc@4.16.2:
    resolution: {integrity: sha512-J/jCDKVMWp0Y2ELnTjpQFYUCUWv1Jr+LdFrJVZtdqGyjDo0PHPa7pCamjHvJel6zBFM3doFFqAr7cmXYWBAbfw==}
    cpu: [ia32]
    os: [win32]
    requiresBuild: true
    dev: true
    optional: true

  /@rollup/rollup-win32-x64-msvc@4.16.2:
    resolution: {integrity: sha512-3nIf+SJMs2ZzrCh+SKNqgLVV9hS/UY0UjT1YU8XQYFGLiUfmHYJ/5trOU1XSvmHjV5gTF/K3DjrWxtyzKKcAHA==}
    cpu: [x64]
    os: [win32]
    requiresBuild: true
    dev: true
    optional: true

  /@types/estree@1.0.5:
    resolution: {integrity: sha512-/kYRxGDLWzHOB7q+wtSUQlFrtcdUccpfy+X+9iMBpHK8QLLhx2wIPYuS5DYtR9Wa/YlZAbIovy7qVdB1Aq6Lyw==}
    dev: true

  /es-module-lexer@1.5.0:
    resolution: {integrity: sha512-pqrTKmwEIgafsYZAGw9kszYzmagcE/n4dbgwGWLEXg7J4QFJVQRBld8j3Q3GNez79jzxZshq0bcT962QHOghjw==}
    dev: false

  /fsevents@2.3.3:
    resolution: {integrity: sha512-5xoDfX+fL7faATnagmWPpbFtwh/R77WmMMqqHGS65C3vvB0YHrgF+B1YmZ3441tMj5n63k0212XNoJwzlhffQw==}
    engines: {node: ^8.16.0 || ^10.6.0 || >=11.0.0}
    os: [darwin]
    requiresBuild: true
    dev: true
    optional: true

  /rollup@4.16.2:
    resolution: {integrity: sha512-sxDP0+pya/Yi5ZtptF4p3avI+uWCIf/OdrfdH2Gbv1kWddLKk0U7WE3PmQokhi5JrektxsK3sK8s4hzAmjqahw==}
    engines: {node: '>=18.0.0', npm: '>=8.0.0'}
    hasBin: true
    dependencies:
      '@types/estree': 1.0.5
    optionalDependencies:
      '@rollup/rollup-android-arm-eabi': 4.16.2
      '@rollup/rollup-android-arm64': 4.16.2
      '@rollup/rollup-darwin-arm64': 4.16.2
      '@rollup/rollup-darwin-x64': 4.16.2
      '@rollup/rollup-linux-arm-gnueabihf': 4.16.2
      '@rollup/rollup-linux-arm-musleabihf': 4.16.2
      '@rollup/rollup-linux-arm64-gnu': 4.16.2
      '@rollup/rollup-linux-arm64-musl': 4.16.2
      '@rollup/rollup-linux-powerpc64le-gnu': 4.16.2
      '@rollup/rollup-linux-riscv64-gnu': 4.16.2
      '@rollup/rollup-linux-s390x-gnu': 4.16.2
      '@rollup/rollup-linux-x64-gnu': 4.16.2
      '@rollup/rollup-linux-x64-musl': 4.16.2
      '@rollup/rollup-win32-arm64-msvc': 4.16.2
      '@rollup/rollup-win32-ia32-msvc': 4.16.2
      '@rollup/rollup-win32-x64-msvc': 4.16.2
      fsevents: 2.3.3
    dev: true
